// !$*UTF8*$!
{
	archiveVersion = 1;
	classes = {
	};
	objectVersion = 46;
	objects = {

/* Begin PBXBuildFile section */
		48A770F4197DD13500822D30 /* AppDelegate.swift in Sources */ = {isa = PBXBuildFile; fileRef = 48A770F3197DD13500822D30 /* AppDelegate.swift */; };
		48A770F6197DD13500822D30 /* ViewController.swift in Sources */ = {isa = PBXBuildFile; fileRef = 48A770F5197DD13500822D30 /* ViewController.swift */; };
		48A770F9197DD13500822D30 /* Main.storyboard in Resources */ = {isa = PBXBuildFile; fileRef = 48A770F7197DD13500822D30 /* Main.storyboard */; };
		48A770FB197DD13500822D30 /* Images.xcassets in Resources */ = {isa = PBXBuildFile; fileRef = 48A770FA197DD13500822D30 /* Images.xcassets */; };
		48A77107197DD13500822D30 /* TinyCalculatorTests.swift in Sources */ = {isa = PBXBuildFile; fileRef = 48A77106197DD13500822D30 /* TinyCalculatorTests.swift */; };
		48A77111197DD30700822D30 /* TinyCalculatorModel.swift in Sources */ = {isa = PBXBuildFile; fileRef = 48A77110197DD30700822D30 /* TinyCalculatorModel.swift */; };
/* End PBXBuildFile section */

/* Begin PBXContainerItemProxy section */
		48A77101197DD13500822D30 /* PBXContainerItemProxy */ = {
			isa = PBXContainerItemProxy;
			containerPortal = 48A770E6197DD13500822D30 /* Project object */;
			proxyType = 1;
			remoteGlobalIDString = 48A770ED197DD13500822D30;
			remoteInfo = TinyCalculator;
		};
/* End PBXContainerItemProxy section */

/* Begin PBXFileReference section */
		48A770EE197DD13500822D30 /* TinyCalculator.app */ = {isa = PBXFileReference; explicitFileType = wrapper.application; includeInIndex = 0; path = TinyCalculator.app; sourceTree = BUILT_PRODUCTS_DIR; };
		48A770F2197DD13500822D30 /* Info.plist */ = {isa = PBXFileReference; lastKnownFileType = text.plist.xml; path = Info.plist; sourceTree = "<group>"; };
		48A770F3197DD13500822D30 /* AppDelegate.swift */ = {isa = PBXFileReference; lastKnownFileType = sourcecode.swift; path = AppDelegate.swift; sourceTree = "<group>"; };
		48A770F5197DD13500822D30 /* ViewController.swift */ = {isa = PBXFileReference; lastKnownFileType = sourcecode.swift; path = ViewController.swift; sourceTree = "<group>"; };
		48A770F8197DD13500822D30 /* Base */ = {isa = PBXFileReference; lastKnownFileType = file.storyboard; name = Base; path = Base.lproj/Main.storyboard; sourceTree = "<group>"; };
		48A770FA197DD13500822D30 /* Images.xcassets */ = {isa = PBXFileReference; lastKnownFileType = folder.assetcatalog; path = Images.xcassets; sourceTree = "<group>"; };
		48A77100197DD13500822D30 /* TinyCalculatorTests.xctest */ = {isa = PBXFileReference; explicitFileType = wrapper.cfbundle; includeInIndex = 0; path = TinyCalculatorTests.xctest; sourceTree = BUILT_PRODUCTS_DIR; };
		48A77105197DD13500822D30 /* Info.plist */ = {isa = PBXFileReference; lastKnownFileType = text.plist.xml; path = Info.plist; sourceTree = "<group>"; };
		48A77106197DD13500822D30 /* TinyCalculatorTests.swift */ = {isa = PBXFileReference; lastKnownFileType = sourcecode.swift; path = TinyCalculatorTests.swift; sourceTree = "<group>"; };
		48A77110197DD30700822D30 /* TinyCalculatorModel.swift */ = {isa = PBXFileReference; fileEncoding = 4; lastKnownFileType = sourcecode.swift; path = TinyCalculatorModel.swift; sourceTree = SOURCE_ROOT; };
/* End PBXFileReference section */

/* Begin PBXFrameworksBuildPhase section */
		48A770EB197DD13500822D30 /* Frameworks */ = {
			isa = PBXFrameworksBuildPhase;
			buildActionMask = 2147483647;
			files = (
			);
			runOnlyForDeploymentPostprocessing = 0;
		};
		48A770FD197DD13500822D30 /* Frameworks */ = {
			isa = PBXFrameworksBuildPhase;
			buildActionMask = 2147483647;
			files = (
			);
			runOnlyForDeploymentPostprocessing = 0;
		};
/* End PBXFrameworksBuildPhase section */

/* Begin PBXGroup section */
		48A770E5197DD13500822D30 = {
			isa = PBXGroup;
			children = (
				48A770F0197DD13500822D30 /* TinyCalculator */,
				48A77103197DD13500822D30 /* TinyCalculatorTests */,
				48A770EF197DD13500822D30 /* Products */,
			);
			sourceTree = "<group>";
		};
		48A770EF197DD13500822D30 /* Products */ = {
			isa = PBXGroup;
			children = (
				48A770EE197DD13500822D30 /* TinyCalculator.app */,
				48A77100197DD13500822D30 /* TinyCalculatorTests.xctest */,
			);
			name = Products;
			sourceTree = "<group>";
		};
		48A770F0197DD13500822D30 /* TinyCalculator */ = {
			isa = PBXGroup;
			children = (
				48A77110197DD30700822D30 /* TinyCalculatorModel.swift */,
				48A770F3197DD13500822D30 /* AppDelegate.swift */,
				48A770F5197DD13500822D30 /* ViewController.swift */,
				48A770F7197DD13500822D30 /* Main.storyboard */,
				48A770FA197DD13500822D30 /* Images.xcassets */,
				48A770F1197DD13500822D30 /* Supporting Files */,
			);
			path = TinyCalculator;
			sourceTree = "<group>";
		};
		48A770F1197DD13500822D30 /* Supporting Files */ = {
			isa = PBXGroup;
			children = (
				48A770F2197DD13500822D30 /* Info.plist */,
			);
			name = "Supporting Files";
			sourceTree = "<group>";
		};
		48A77103197DD13500822D30 /* TinyCalculatorTests */ = {
			isa = PBXGroup;
			children = (
				48A77106197DD13500822D30 /* TinyCalculatorTests.swift */,
				48A77104197DD13500822D30 /* Supporting Files */,
			);
			path = TinyCalculatorTests;
			sourceTree = "<group>";
		};
		48A77104197DD13500822D30 /* Supporting Files */ = {
			isa = PBXGroup;
			children = (
				48A77105197DD13500822D30 /* Info.plist */,
			);
			name = "Supporting Files";
			sourceTree = "<group>";
		};
/* End PBXGroup section */

/* Begin PBXNativeTarget section */
		48A770ED197DD13500822D30 /* TinyCalculator */ = {
			isa = PBXNativeTarget;
			buildConfigurationList = 48A7710A197DD13500822D30 /* Build configuration list for PBXNativeTarget "TinyCalculator" */;
			buildPhases = (
				48A770EA197DD13500822D30 /* Sources */,
				48A770EB197DD13500822D30 /* Frameworks */,
				48A770EC197DD13500822D30 /* Resources */,
			);
			buildRules = (
			);
			dependencies = (
			);
			name = TinyCalculator;
			productName = TinyCalculator;
			productReference = 48A770EE197DD13500822D30 /* TinyCalculator.app */;
			productType = "com.apple.product-type.application";
		};
		48A770FF197DD13500822D30 /* TinyCalculatorTests */ = {
			isa = PBXNativeTarget;
			buildConfigurationList = 48A7710D197DD13500822D30 /* Build configuration list for PBXNativeTarget "TinyCalculatorTests" */;
			buildPhases = (
				48A770FC197DD13500822D30 /* Sources */,
				48A770FD197DD13500822D30 /* Frameworks */,
				48A770FE197DD13500822D30 /* Resources */,
			);
			buildRules = (
			);
			dependencies = (
				48A77102197DD13500822D30 /* PBXTargetDependency */,
			);
			name = TinyCalculatorTests;
			productName = TinyCalculatorTests;
			productReference = 48A77100197DD13500822D30 /* TinyCalculatorTests.xctest */;
			productType = "com.apple.product-type.bundle.unit-test";
		};
/* End PBXNativeTarget section */

/* Begin PBXProject section */
		48A770E6197DD13500822D30 /* Project object */ = {
			isa = PBXProject;
			attributes = {
				LastUpgradeCheck = 0600;
				ORGANIZATIONNAME = "Claus Guttesen";
				TargetAttributes = {
					48A770ED197DD13500822D30 = {
						CreatedOnToolsVersion = 6.0;
					};
					48A770FF197DD13500822D30 = {
						CreatedOnToolsVersion = 6.0;
						TestTargetID = 48A770ED197DD13500822D30;
					};
				};
			};
			buildConfigurationList = 48A770E9197DD13500822D30 /* Build configuration list for PBXProject "TinyCalculator" */;
			compatibilityVersion = "Xcode 3.2";
			developmentRegion = English;
			hasScannedForEncodings = 0;
			knownRegions = (
				en,
				Base,
			);
			mainGroup = 48A770E5197DD13500822D30;
			productRefGroup = 48A770EF197DD13500822D30 /* Products */;
			projectDirPath = "";
			projectRoot = "";
			targets = (
				48A770ED197DD13500822D30 /* TinyCalculator */,
				48A770FF197DD13500822D30 /* TinyCalculatorTests */,
			);
		};
/* End PBXProject section */

/* Begin PBXResourcesBuildPhase section */
		48A770EC197DD13500822D30 /* Resources */ = {
			isa = PBXResourcesBuildPhase;
			buildActionMask = 2147483647;
			files = (
				48A770F9197DD13500822D30 /* Main.storyboard in Resources */,
				48A770FB197DD13500822D30 /* Images.xcassets in Resources */,
			);
			runOnlyForDeploymentPostprocessing = 0;
		};
		48A770FE197DD13500822D30 /* Resources */ = {
			isa = PBXResourcesBuildPhase;
			buildActionMask = 2147483647;
			files = (
			);
			runOnlyForDeploymentPostprocessing = 0;
		};
/* End PBXResourcesBuildPhase section */

/* Begin PBXSourcesBuildPhase section */
		48A770EA197DD13500822D30 /* Sources */ = {
			isa = PBXSourcesBuildPhase;
			buildActionMask = 2147483647;
			files = (
				48A77111197DD30700822D30 /* TinyCalculatorModel.swift in Sources */,
				48A770F6197DD13500822D30 /* ViewController.swift in Sources */,
				48A770F4197DD13500822D30 /* AppDelegate.swift in Sources */,
			);
			runOnlyForDeploymentPostprocessing = 0;
		};
		48A770FC197DD13500822D30 /* Sources */ = {
			isa = PBXSourcesBuildPhase;
			buildActionMask = 2147483647;
			files = (
				48A77107197DD13500822D30 /* TinyCalculatorTests.swift in Sources */,
			);
			runOnlyForDeploymentPostprocessing = 0;
		};
/* End PBXSourcesBuildPhase section */

/* Begin PBXTargetDependency section */
		48A77102197DD13500822D30 /* PBXTargetDependency */ = {
			isa = PBXTargetDependency;
			target = 48A770ED197DD13500822D30 /* TinyCalculator */;
			targetProxy = 48A77101197DD13500822D30 /* PBXContainerItemProxy */;
		};
/* End PBXTargetDependency section */

/* Begin PBXVariantGroup section */
		48A770F7197DD13500822D30 /* Main.storyboard */ = {
			isa = PBXVariantGroup;
			children = (
				48A770F8197DD13500822D30 /* Base */,
			);
			name = Main.storyboard;
			sourceTree = "<group>";
		};
/* End PBXVariantGroup section */

/* Begin XCBuildConfiguration section */
		48A77108197DD13500822D30 /* Debug */ = {
			isa = XCBuildConfiguration;
			buildSettings = {
				ALWAYS_SEARCH_USER_PATHS = NO;
				CLANG_CXX_LANGUAGE_STANDARD = "gnu++0x";
				CLANG_CXX_LIBRARY = "libc++";
				CLANG_ENABLE_MODULES = YES;
				CLANG_ENABLE_OBJC_ARC = YES;
				CLANG_WARN_BOOL_CONVERSION = YES;
				CLANG_WARN_CONSTANT_CONVERSION = YES;
				CLANG_WARN_DIRECT_OBJC_ISA_USAGE = YES_ERROR;
				CLANG_WARN_EMPTY_BODY = YES;
				CLANG_WARN_ENUM_CONVERSION = YES;
				CLANG_WARN_INT_CONVERSION = YES;
				CLANG_WARN_OBJC_ROOT_CLASS = YES_ERROR;
				CLANG_WARN_UNREACHABLE_CODE = YES;
				CLANG_WARN__DUPLICATE_METHOD_MATCH = YES;
				"CODE_SIGN_IDENTITY[sdk=iphoneos*]" = "iPhone Developer";
				COPY_PHASE_STRIP = NO;
				ENABLE_STRICT_OBJC_MSGSEND = YES;
				GCC_C_LANGUAGE_STANDARD = gnu99;
				GCC_DYNAMIC_NO_PIC = NO;
				GCC_OPTIMIZATION_LEVEL = 0;
				GCC_PREPROCESSOR_DEFINITIONS = (
					"DEBUG=1",
					"$(inherited)",
				);
				GCC_SYMBOLS_PRIVATE_EXTERN = NO;
				GCC_WARN_64_TO_32_BIT_CONVERSION = YES;
				GCC_WARN_ABOUT_RETURN_TYPE = YES_ERROR;
				GCC_WARN_UNDECLARED_SELECTOR = YES;
				GCC_WARN_UNINITIALIZED_AUTOS = YES_AGGRESSIVE;
				GCC_WARN_UNUSED_FUNCTION = YES;
				GCC_WARN_UNUSED_VARIABLE = YES;
				IPHONEOS_DEPLOYMENT_TARGET = 8.0;
				MTL_ENABLE_DEBUG_INFO = YES;
				ONLY_ACTIVE_ARCH = YES;
				SDKROOT = iphoneos;
				SWIFT_OPTIMIZATION_LEVEL = "-Onone";
			};
			name = Debug;
		};
		48A77109197DD13500822D30 /* Release */ = {
			isa = XCBuildConfiguration;
			buildSettings = {
				ALWAYS_SEARCH_USER_PATHS = NO;
				CLANG_CXX_LANGUAGE_STANDARD = "gnu++0x";
				CLANG_CXX_LIBRARY = "libc++";
				CLANG_ENABLE_MODULES = YES;
				CLANG_ENABLE_OBJC_ARC = YES;
				CLANG_WARN_BOOL_CONVERSION = YES;
				CLANG_WARN_CONSTANT_CONVERSION = YES;
				CLANG_WARN_DIRECT_OBJC_ISA_USAGE = YES_ERROR;
				CLANG_WARN_EMPTY_BODY = YES;
				CLANG_WARN_ENUM_CONVERSION = YES;
				CLANG_WARN_INT_CONVERSION = YES;
				CLANG_WARN_OBJC_ROOT_CLASS = YES_ERROR;
				CLANG_WARN_UNREACHABLE_CODE = YES;
				CLANG_WARN__DUPLICATE_METHOD_MATCH = YES;
				"CODE_SIGN_IDENTITY[sdk=iphoneos*]" = "iPhone Developer";
				COPY_PHASE_STRIP = YES;
				ENABLE_NS_ASSERTIONS = NO;
				ENABLE_STRICT_OBJC_MSGSEND = YES;
				GCC_C_LANGUAGE_STANDARD = gnu99;
				GCC_WARN_64_TO_32_BIT_CONVERSION = YES;
				GCC_WARN_ABOUT_RETURN_TYPE = YES_ERROR;
				GCC_WARN_UNDECLARED_SELECTOR = YES;
				GCC_WARN_UNINITIALIZED_AUTOS = YES_AGGRESSIVE;
				GCC_WARN_UNUSED_FUNCTION = YES;
				GCC_WARN_UNUSED_VARIABLE = YES;
				IPHONEOS_DEPLOYMENT_TARGET = 8.0;
				MTL_ENABLE_DEBUG_INFO = NO;
				SDKROOT = iphoneos;
				VALIDATE_PRODUCT = YES;
			};
			name = Release;
		};
		48A7710B197DD13500822D30 /* Debug */ = {
			isa = XCBuildConfiguration;
			buildSettings = {
				ASSETCATALOG_COMPILER_APPICON_NAME = AppIcon;
				ASSETCATALOG_COMPILER_LAUNCHIMAGE_NAME = LaunchImage;
				INFOPLIST_FILE = TinyCalculator/Info.plist;
				LD_RUNPATH_SEARCH_PATHS = "$(inherited) @executable_path/Frameworks";
				PRODUCT_NAME = "$(TARGET_NAME)";
			};
			name = Debug;
		};
		48A7710C197DD13500822D30 /* Release */ = {
			isa = XCBuildConfiguration;
			buildSettings = {
				ASSETCATALOG_COMPILER_APPICON_NAME = AppIcon;
				ASSETCATALOG_COMPILER_LAUNCHIMAGE_NAME = LaunchImage;
				INFOPLIST_FILE = TinyCalculator/Info.plist;
				LD_RUNPATH_SEARCH_PATHS = "$(inherited) @executable_path/Frameworks";
				PRODUCT_NAME = "$(TARGET_NAME)";
			};
			name = Release;
		};
		48A7710E197DD13500822D30 /* Debug */ = {
			isa = XCBuildConfiguration;
			buildSettings = {
				BUNDLE_LOADER = "$(BUILT_PRODUCTS_DIR)/TinyCalculator.app/TinyCalculator";
				FRAMEWORK_SEARCH_PATHS = (
					"$(SDKROOT)/Developer/Library/Frameworks",
					"$(inherited)",
				);
				GCC_PREPROCESSOR_DEFINITIONS = (
					"DEBUG=1",
					"$(inherited)",
				);
				INFOPLIST_FILE = TinyCalculatorTests/Info.plist;
				LD_RUNPATH_SEARCH_PATHS = "$(inherited) @executable_path/Frameworks @loader_path/Frameworks";
				PRODUCT_NAME = "$(TARGET_NAME)";
				TEST_HOST = "$(BUNDLE_LOADER)";
			};
			name = Debug;
		};
		48A7710F197DD13500822D30 /* Release */ = {
			isa = XCBuildConfiguration;
			buildSettings = {
				BUNDLE_LOADER = "$(BUILT_PRODUCTS_DIR)/TinyCalculator.app/TinyCalculator";
				FRAMEWORK_SEARCH_PATHS = (
					"$(SDKROOT)/Developer/Library/Frameworks",
					"$(inherited)",
				);
				INFOPLIST_FILE = TinyCalculatorTests/Info.plist;
				LD_RUNPATH_SEARCH_PATHS = "$(inherited) @executable_path/Frameworks @loader_path/Frameworks";
				PRODUCT_NAME = "$(TARGET_NAME)";
				TEST_HOST = "$(BUNDLE_LOADER)";
			};
			name = Release;
		};
/* End XCBuildConfiguration section */

/* Begin XCConfigurationList section */
		48A770E9197DD13500822D30 /* Build configuration list for PBXProject "TinyCalculator" */ = {
			isa = XCConfigurationList;
			buildConfigurations = (
				48A77108197DD13500822D30 /* Debug */,
				48A77109197DD13500822D30 /* Release */,
			);
			defaultConfigurationIsVisible = 0;
			defaultConfigurationName = Release;
		};
		48A7710A197DD13500822D30 /* Build configuration list for PBXNativeTarget "TinyCalculator" */ = {
			isa = XCConfigurationList;
			buildConfigurations = (
				48A7710B197DD13500822D30 /* Debug */,
				48A7710C197DD13500822D30 /* Release */,
			);
			defaultConfigurationIsVisible = 0;
			defaultConfigurationName = Release;
		};
		48A7710D197DD13500822D30 /* Build configuration list for PBXNativeTarget "TinyCalculatorTests" */ = {
			isa = XCConfigurationList;
			buildConfigurations = (
				48A7710E197DD13500822D30 /* Debug */,
				48A7710F197DD13500822D30 /* Release */,
			);
			defaultConfigurationIsVisible = 0;
			defaultConfigurationName = Release;
		};
/* End XCConfigurationList section */
	};
	rootObject = 48A770E6197DD13500822D30 /* Project object */;
}
